
Microsoft Visual Studio Solution File, Format Version 12.00
# Visual Studio Version 17
VisualStudioVersion = 17.6.33829.357
MinimumVisualStudioVersion = 10.0.40219.1
Project("{FAE04EC0-301F-11D3-BF4B-00C04F79EFBC}") = "cosb1", "cosb1.csproj", "{4E727943-96EA-4763-A313-2F9714A1AEBE}"
EndProject
Global
	GlobalSection(SolutionConfigurationPlatforms) = preSolution
		Debug|Any CPU = Debug|Any CPU
		Release|Any CPU = Release|Any CPU
	EndGlobalSection
	GlobalSection(ProjectConfigurationPlatforms) = postSolution
		{4E727943-96EA-4763-A313-2F9714A1AEBE}.Debug|Any CPU.ActiveCfg = Debug|Any CPU
		{4E727943-96EA-4763-A313-2F9714A1AEBE}.Debug|Any CPU.Build.0 = Debug|Any CPU
		{4E727943-96EA-4763-A313-2F9714A1AEBE}.Release|Any CPU.ActiveCfg = Release|Any CPU
		{4E727943-96EA-4763-A313-2F9714A1AEBE}.Release|Any CPU.Build.0 = Release|Any CPU
	EndGlobalSection
	GlobalSection(SolutionProperties) = preSolution
		HideSolutionNode = FALSE
	EndGlobalSection
	GlobalSection(ExtensibilityGlobals) = postSolution
		SolutionGuid = {D32CAD82-4442-40E6-8D1B-29BBE4B98738}
	EndGlobalSection
EndGlobal
